{
  "requires": true,
  "lockfileVersion": 1,
  "dependencies": {
    "ngx-color-picker": {
      "version": "8.1.0",
      "resolved": "https://registry.npmjs.org/ngx-color-picker/-/ngx-color-picker-8.1.0.tgz",
      "integrity": "sha512-I8L3s5QYVDzk0ncYoxSM/wkX2aruMAcE9VEL0tc0pU6svoGYwDEDOu3tBiFaW4/lOKYElgpXkBQYV7+/SBrXcg=="
    }
  }
}
